
Microsoft Visual Studio Solution File, Format Version 12.00
# Visual Studio Version 16
VisualStudioVersion = 16.0.30404.54
MinimumVisualStudioVersion = 10.0.40219.1
Project("{2150E333-8FDC-42A3-9474-1A3956D46DE8}") = "Solution Items", "Solution Items", "{14133E64-8631-46C8-8477-D41C821968F4}"
	ProjectSection(SolutionItems) = preProject
		README.md = README.md
	EndProjectSection
EndProject
Project("{9A19103F-16F7-4668-BE54-9A1E7A4F7556}") = "InfiniSwiss.OpenHtmlToPdf", "InfiniSwiss.OpenHtmlToPdf\InfiniSwiss.OpenHtmlToPdf.csproj", "{CC86EAEB-0E2D-49DA-B6BD-410EE79F82B2}"
EndProject
Project("{FAE04EC0-301F-11D3-BF4B-00C04F79EFBC}") = "InfiniSwiss.OpenHtmlToPdf.Tests", "InfiniSwiss.OpenHtmlToPdf.Tests\InfiniSwiss.OpenHtmlToPdf.Tests.csproj", "{E1EDAC72-668D-4898-9C66-C02A14DA98C6}"
EndProject
Global
	GlobalSection(SolutionConfigurationPlatforms) = preSolution
		Debug|Any CPU = Debug|Any CPU
		Debug|x64 = Debug|x64
		Debug|x86 = Debug|x86
		Release|Any CPU = Release|Any CPU
		Release|x64 = Release|x64
		Release|x86 = Release|x86
	EndGlobalSection
	GlobalSection(ProjectConfigurationPlatforms) = postSolution
		{CC86EAEB-0E2D-49DA-B6BD-410EE79F82B2}.Debug|Any CPU.ActiveCfg = Debug|Any CPU
		{CC86EAEB-0E2D-49DA-B6BD-410EE79F82B2}.Debug|Any CPU.Build.0 = Debug|Any CPU
		{CC86EAEB-0E2D-49DA-B6BD-410EE79F82B2}.Debug|x64.ActiveCfg = Debug|Any CPU
		{CC86EAEB-0E2D-49DA-B6BD-410EE79F82B2}.Debug|x64.Build.0 = Debug|Any CPU
		{CC86EAEB-0E2D-49DA-B6BD-410EE79F82B2}.Debug|x86.ActiveCfg = Debug|Any CPU
		{CC86EAEB-0E2D-49DA-B6BD-410EE79F82B2}.Debug|x86.Build.0 = Debug|Any CPU
		{CC86EAEB-0E2D-49DA-B6BD-410EE79F82B2}.Release|Any CPU.ActiveCfg = Release|Any CPU
		{CC86EAEB-0E2D-49DA-B6BD-410EE79F82B2}.Release|Any CPU.Build.0 = Release|Any CPU
		{CC86EAEB-0E2D-49DA-B6BD-410EE79F82B2}.Release|x64.ActiveCfg = Release|Any CPU
		{CC86EAEB-0E2D-49DA-B6BD-410EE79F82B2}.Release|x64.Build.0 = Release|Any CPU
		{CC86EAEB-0E2D-49DA-B6BD-410EE79F82B2}.Release|x86.ActiveCfg = Release|Any CPU
		{CC86EAEB-0E2D-49DA-B6BD-410EE79F82B2}.Release|x86.Build.0 = Release|Any CPU
		{E1EDAC72-668D-4898-9C66-C02A14DA98C6}.Debug|Any CPU.ActiveCfg = Debug|Any CPU
		{E1EDAC72-668D-4898-9C66-C02A14DA98C6}.Debug|Any CPU.Build.0 = Debug|Any CPU
		{E1EDAC72-668D-4898-9C66-C02A14DA98C6}.Debug|x64.ActiveCfg = Debug|Any CPU
		{E1EDAC72-668D-4898-9C66-C02A14DA98C6}.Debug|x64.Build.0 = Debug|Any CPU
		{E1EDAC72-668D-4898-9C66-C02A14DA98C6}.Debug|x86.ActiveCfg = Debug|Any CPU
		{E1EDAC72-668D-4898-9C66-C02A14DA98C6}.Debug|x86.Build.0 = Debug|Any CPU
		{E1EDAC72-668D-4898-9C66-C02A14DA98C6}.Release|Any CPU.ActiveCfg = Release|Any CPU
		{E1EDAC72-668D-4898-9C66-C02A14DA98C6}.Release|Any CPU.Build.0 = Release|Any CPU
		{E1EDAC72-668D-4898-9C66-C02A14DA98C6}.Release|x64.ActiveCfg = Release|Any CPU
		{E1EDAC72-668D-4898-9C66-C02A14DA98C6}.Release|x64.Build.0 = Release|Any CPU
		{E1EDAC72-668D-4898-9C66-C02A14DA98C6}.Release|x86.ActiveCfg = Release|Any CPU
		{E1EDAC72-668D-4898-9C66-C02A14DA98C6}.Release|x86.Build.0 = Release|Any CPU
	EndGlobalSection
	GlobalSection(SolutionProperties) = preSolution
		HideSolutionNode = FALSE
	EndGlobalSection
	GlobalSection(ExtensibilityGlobals) = postSolution
		SolutionGuid = {D1B7F2E7-B8BC-4D72-91B8-3D6615A205FC}
	EndGlobalSection
EndGlobal
